// !$*UTF8*$!
{
	archiveVersion = 1;
	classes = {
	};
	objectVersion = 46;
	objects = {

/* Begin PBXBuildFile section */
		239C49571CF7581C006DE41D /* AppDelegate.swift in Sources */ = {isa = PBXBuildFile; fileRef = 239C49561CF7581C006DE41D /* AppDelegate.swift */; };
		239C49591CF7581C006DE41D /* ViewController.swift in Sources */ = {isa = PBXBuildFile; fileRef = 239C49581CF7581C006DE41D /* ViewController.swift */; };
		239C495C1CF7581C006DE41D /* Main.storyboard in Resources */ = {isa = PBXBuildFile; fileRef = 239C495A1CF7581C006DE41D /* Main.storyboard */; };
		239C495F1CF7581D006DE41D /* damn.xcdatamodeld in Sources */ = {isa = PBXBuildFile; fileRef = 239C495D1CF7581D006DE41D /* damn.xcdatamodeld */; };
		239C49611CF7581D006DE41D /* Assets.xcassets in Resources */ = {isa = PBXBuildFile; fileRef = 239C49601CF7581D006DE41D /* Assets.xcassets */; };
		239C49641CF7581D006DE41D /* LaunchScreen.storyboard in Resources */ = {isa = PBXBuildFile; fileRef = 239C49621CF7581D006DE41D /* LaunchScreen.storyboard */; };
		239C496F1CF7581D006DE41D /* damnTests.swift in Sources */ = {isa = PBXBuildFile; fileRef = 239C496E1CF7581D006DE41D /* damnTests.swift */; };
		239C497A1CF7581D006DE41D /* damnUITests.swift in Sources */ = {isa = PBXBuildFile; fileRef = 239C49791CF7581D006DE41D /* damnUITests.swift */; };
		239C49881CFC874A006DE41D /* WeatherService.swift in Sources */ = {isa = PBXBuildFile; fileRef = 239C49871CFC874A006DE41D /* WeatherService.swift */; };
		239C498A1CFCA2B7006DE41D /* Weather.swift in Sources */ = {isa = PBXBuildFile; fileRef = 239C49891CFCA2B7006DE41D /* Weather.swift */; };
/* End PBXBuildFile section */

/* Begin PBXContainerItemProxy section */
		239C496B1CF7581D006DE41D /* PBXContainerItemProxy */ = {
			isa = PBXContainerItemProxy;
			containerPortal = 239C494B1CF7581C006DE41D /* Project object */;
			proxyType = 1;
			remoteGlobalIDString = 239C49521CF7581C006DE41D;
			remoteInfo = damn;
		};
		239C49761CF7581D006DE41D /* PBXContainerItemProxy */ = {
			isa = PBXContainerItemProxy;
			containerPortal = 239C494B1CF7581C006DE41D /* Project object */;
			proxyType = 1;
			remoteGlobalIDString = 239C49521CF7581C006DE41D;
			remoteInfo = damn;
		};
/* End PBXContainerItemProxy section */

/* Begin PBXFileReference section */
		239C49531CF7581C006DE41D /* damn.app */ = {isa = PBXFileReference; explicitFileType = wrapper.application; includeInIndex = 0; path = damn.app; sourceTree = BUILT_PRODUCTS_DIR; };
		239C49561CF7581C006DE41D /* AppDelegate.swift */ = {isa = PBXFileReference; lastKnownFileType = sourcecode.swift; path = AppDelegate.swift; sourceTree = "<group>"; };
		239C49581CF7581C006DE41D /* ViewController.swift */ = {isa = PBXFileReference; lastKnownFileType = sourcecode.swift; path = ViewController.swift; sourceTree = "<group>"; };
		239C495B1CF7581C006DE41D /* Base */ = {isa = PBXFileReference; lastKnownFileType = file.storyboard; name = Base; path = Base.lproj/Main.storyboard; sourceTree = "<group>"; };
		239C495E1CF7581D006DE41D /* damn.xcdatamodel */ = {isa = PBXFileReference; lastKnownFileType = wrapper.xcdatamodel; path = damn.xcdatamodel; sourceTree = "<group>"; };
		239C49601CF7581D006DE41D /* Assets.xcassets */ = {isa = PBXFileReference; lastKnownFileType = folder.assetcatalog; path = Assets.xcassets; sourceTree = "<group>"; };
		239C49631CF7581D006DE41D /* Base */ = {isa = PBXFileReference; lastKnownFileType = file.storyboard; name = Base; path = Base.lproj/LaunchScreen.storyboard; sourceTree = "<group>"; };
		239C49651CF7581D006DE41D /* Info.plist */ = {isa = PBXFileReference; lastKnownFileType = text.plist.xml; path = Info.plist; sourceTree = "<group>"; };
		239C496A1CF7581D006DE41D /* damnTests.xctest */ = {isa = PBXFileReference; explicitFileType = wrapper.cfbundle; includeInIndex = 0; path = damnTests.xctest; sourceTree = BUILT_PRODUCTS_DIR; };
		239C496E1CF7581D006DE41D /* damnTests.swift */ = {isa = PBXFileReference; lastKnownFileType = sourcecode.swift; path = damnTests.swift; sourceTree = "<group>"; };
		239C49701CF7581D006DE41D /* Info.plist */ = {isa = PBXFileReference; lastKnownFileType = text.plist.xml; path = Info.plist; sourceTree = "<group>"; };
		239C49751CF7581D006DE41D /* damnUITests.xctest */ = {isa = PBXFileReference; explicitFileType = wrapper.cfbundle; includeInIndex = 0; path = damnUITests.xctest; sourceTree = BUILT_PRODUCTS_DIR; };
		239C49791CF7581D006DE41D /* damnUITests.swift */ = {isa = PBXFileReference; lastKnownFileType = sourcecode.swift; path = damnUITests.swift; sourceTree = "<group>"; };
		239C497B1CF7581D006DE41D /* Info.plist */ = {isa = PBXFileReference; lastKnownFileType = text.plist.xml; path = Info.plist; sourceTree = "<group>"; };
		239C49871CFC874A006DE41D /* WeatherService.swift */ = {isa = PBXFileReference; fileEncoding = 4; lastKnownFileType = sourcecode.swift; path = WeatherService.swift; sourceTree = "<group>"; };
		239C49891CFCA2B7006DE41D /* Weather.swift */ = {isa = PBXFileReference; fileEncoding = 4; lastKnownFileType = sourcecode.swift; path = Weather.swift; sourceTree = "<group>"; };
/* End PBXFileReference section */

/* Begin PBXFrameworksBuildPhase section */
		239C49501CF7581C006DE41D /* Frameworks */ = {
			isa = PBXFrameworksBuildPhase;
			buildActionMask = 2147483647;
			files = (
			);
			runOnlyForDeploymentPostprocessing = 0;
		};
		239C49671CF7581D006DE41D /* Frameworks */ = {
			isa = PBXFrameworksBuildPhase;
			buildActionMask = 2147483647;
			files = (
			);
			runOnlyForDeploymentPostprocessing = 0;
		};
		239C49721CF7581D006DE41D /* Frameworks */ = {
			isa = PBXFrameworksBuildPhase;
			buildActionMask = 2147483647;
			files = (
			);
			runOnlyForDeploymentPostprocessing = 0;
		};
/* End PBXFrameworksBuildPhase section */

/* Begin PBXGroup section */
		239C494A1CF7581C006DE41D = {
			isa = PBXGroup;
			children = (
				239C49551CF7581C006DE41D /* damn */,
				239C496D1CF7581D006DE41D /* damnTests */,
				239C49781CF7581D006DE41D /* damnUITests */,
				239C49541CF7581C006DE41D /* Products */,
			);
			sourceTree = "<group>";
		};
		239C49541CF7581C006DE41D /* Products */ = {
			isa = PBXGroup;
			children = (
				239C49531CF7581C006DE41D /* damn.app */,
				239C496A1CF7581D006DE41D /* damnTests.xctest */,
				239C49751CF7581D006DE41D /* damnUITests.xctest */,
			);
			name = Products;
			sourceTree = "<group>";
		};
		239C49551CF7581C006DE41D /* damn */ = {
			isa = PBXGroup;
			children = (
				239C49561CF7581C006DE41D /* AppDelegate.swift */,
				239C49581CF7581C006DE41D /* ViewController.swift */,
				239C49891CFCA2B7006DE41D /* Weather.swift */,
				239C49871CFC874A006DE41D /* WeatherService.swift */,
				239C495A1CF7581C006DE41D /* Main.storyboard */,
				239C49601CF7581D006DE41D /* Assets.xcassets */,
				239C49621CF7581D006DE41D /* LaunchScreen.storyboard */,
				239C49651CF7581D006DE41D /* Info.plist */,
				239C495D1CF7581D006DE41D /* damn.xcdatamodeld */,
			);
			path = damn;
			sourceTree = "<group>";
		};
		239C496D1CF7581D006DE41D /* damnTests */ = {
			isa = PBXGroup;
			children = (
				239C496E1CF7581D006DE41D /* damnTests.swift */,
				239C49701CF7581D006DE41D /* Info.plist */,
			);
			path = damnTests;
			sourceTree = "<group>";
		};
		239C49781CF7581D006DE41D /* damnUITests */ = {
			isa = PBXGroup;
			children = (
				239C49791CF7581D006DE41D /* damnUITests.swift */,
				239C497B1CF7581D006DE41D /* Info.plist */,
			);
			path = damnUITests;
			sourceTree = "<group>";
		};
/* End PBXGroup section */

/* Begin PBXNativeTarget section */
		239C49521CF7581C006DE41D /* damn */ = {
			isa = PBXNativeTarget;
			buildConfigurationList = 239C497E1CF7581D006DE41D /* Build configuration list for PBXNativeTarget "damn" */;
			buildPhases = (
				239C494F1CF7581C006DE41D /* Sources */,
				239C49501CF7581C006DE41D /* Frameworks */,
				239C49511CF7581C006DE41D /* Resources */,
			);
			buildRules = (
			);
			dependencies = (
			);
			name = damn;
			productName = damn;
			productReference = 239C49531CF7581C006DE41D /* damn.app */;
			productType = "com.apple.product-type.application";
		};
		239C49691CF7581D006DE41D /* damnTests */ = {
			isa = PBXNativeTarget;
			buildConfigurationList = 239C49811CF7581D006DE41D /* Build configuration list for PBXNativeTarget "damnTests" */;
			buildPhases = (
				239C49661CF7581D006DE41D /* Sources */,
				239C49671CF7581D006DE41D /* Frameworks */,
				239C49681CF7581D006DE41D /* Resources */,
			);
			buildRules = (
			);
			dependencies = (
				239C496C1CF7581D006DE41D /* PBXTargetDependency */,
			);
			name = damnTests;
			productName = damnTests;
			productReference = 239C496A1CF7581D006DE41D /* damnTests.xctest */;
			productType = "com.apple.product-type.bundle.unit-test";
		};
		239C49741CF7581D006DE41D /* damnUITests */ = {
			isa = PBXNativeTarget;
			buildConfigurationList = 239C49841CF7581D006DE41D /* Build configuration list for PBXNativeTarget "damnUITests" */;
			buildPhases = (
				239C49711CF7581D006DE41D /* Sources */,
				239C49721CF7581D006DE41D /* Frameworks */,
				239C49731CF7581D006DE41D /* Resources */,
			);
			buildRules = (
			);
			dependencies = (
				239C49771CF7581D006DE41D /* PBXTargetDependency */,
			);
			name = damnUITests;
			productName = damnUITests;
			productReference = 239C49751CF7581D006DE41D /* damnUITests.xctest */;
			productType = "com.apple.product-type.bundle.ui-testing";
		};
/* End PBXNativeTarget section */

/* Begin PBXProject section */
		239C494B1CF7581C006DE41D /* Project object */ = {
			isa = PBXProject;
			attributes = {
				LastSwiftUpdateCheck = 0730;
				LastUpgradeCheck = 0730;
				ORGANIZATIONNAME = "劉 家寯";
				TargetAttributes = {
					239C49521CF7581C006DE41D = {
						CreatedOnToolsVersion = 7.3.1;
					};
					239C49691CF7581D006DE41D = {
						CreatedOnToolsVersion = 7.3.1;
						TestTargetID = 239C49521CF7581C006DE41D;
					};
					239C49741CF7581D006DE41D = {
						CreatedOnToolsVersion = 7.3.1;
						TestTargetID = 239C49521CF7581C006DE41D;
					};
				};
			};
			buildConfigurationList = 239C494E1CF7581C006DE41D /* Build configuration list for PBXProject "damn" */;
			compatibilityVersion = "Xcode 3.2";
			developmentRegion = English;
			hasScannedForEncodings = 0;
			knownRegions = (
				en,
				Base,
			);
			mainGroup = 239C494A1CF7581C006DE41D;
			productRefGroup = 239C49541CF7581C006DE41D /* Products */;
			projectDirPath = "";
			projectRoot = "";
			targets = (
				239C49521CF7581C006DE41D /* damn */,
				239C49691CF7581D006DE41D /* damnTests */,
				239C49741CF7581D006DE41D /* damnUITests */,
			);
		};
/* End PBXProject section */

/* Begin PBXResourcesBuildPhase section */
		239C49511CF7581C006DE41D /* Resources */ = {
			isa = PBXResourcesBuildPhase;
			buildActionMask = 2147483647;
			files = (
				239C49641CF7581D006DE41D /* LaunchScreen.storyboard in Resources */,
				239C49611CF7581D006DE41D /* Assets.xcassets in Resources */,
				239C495C1CF7581C006DE41D /* Main.storyboard in Resources */,
			);
			runOnlyForDeploymentPostprocessing = 0;
		};
		239C49681CF7581D006DE41D /* Resources */ = {
			isa = PBXResourcesBuildPhase;
			buildActionMask = 2147483647;
			files = (
			);
			runOnlyForDeploymentPostprocessing = 0;
		};
		239C49731CF7581D006DE41D /* Resources */ = {
			isa = PBXResourcesBuildPhase;
			buildActionMask = 2147483647;
			files = (
			);
			runOnlyForDeploymentPostprocessing = 0;
		};
/* End PBXResourcesBuildPhase section */

/* Begin PBXSourcesBuildPhase section */
		239C494F1CF7581C006DE41D /* Sources */ = {
			isa = PBXSourcesBuildPhase;
			buildActionMask = 2147483647;
			files = (
				239C49881CFC874A006DE41D /* WeatherService.swift in Sources */,
				239C495F1CF7581D006DE41D /* damn.xcdatamodeld in Sources */,
				239C49591CF7581C006DE41D /* ViewController.swift in Sources */,
				239C49571CF7581C006DE41D /* AppDelegate.swift in Sources */,
				239C498A1CFCA2B7006DE41D /* Weather.swift in Sources */,
			);
			runOnlyForDeploymentPostprocessing = 0;
		};
		239C49661CF7581D006DE41D /* Sources */ = {
			isa = PBXSourcesBuildPhase;
			buildActionMask = 2147483647;
			files = (
				239C496F1CF7581D006DE41D /* damnTests.swift in Sources */,
			);
			runOnlyForDeploymentPostprocessing = 0;
		};
		239C49711CF7581D006DE41D /* Sources */ = {
			isa = PBXSourcesBuildPhase;
			buildActionMask = 2147483647;
			files = (
				239C497A1CF7581D006DE41D /* damnUITests.swift in Sources */,
			);
			runOnlyForDeploymentPostprocessing = 0;
		};
/* End PBXSourcesBuildPhase section */

/* Begin PBXTargetDependency section */
		239C496C1CF7581D006DE41D /* PBXTargetDependency */ = {
			isa = PBXTargetDependency;
			target = 239C49521CF7581C006DE41D /* damn */;
			targetProxy = 239C496B1CF7581D006DE41D /* PBXContainerItemProxy */;
		};
		239C49771CF7581D006DE41D /* PBXTargetDependency */ = {
			isa = PBXTargetDependency;
			target = 239C49521CF7581C006DE41D /* damn */;
			targetProxy = 239C49761CF7581D006DE41D /* PBXContainerItemProxy */;
		};
/* End PBXTargetDependency section */

/* Begin PBXVariantGroup section */
		239C495A1CF7581C006DE41D /* Main.storyboard */ = {
			isa = PBXVariantGroup;
			children = (
				239C495B1CF7581C006DE41D /* Base */,
			);
			name = Main.storyboard;
			sourceTree = "<group>";
		};
		239C49621CF7581D006DE41D /* LaunchScreen.storyboard */ = {
			isa = PBXVariantGroup;
			children = (
				239C49631CF7581D006DE41D /* Base */,
			);
			name = LaunchScreen.storyboard;
			sourceTree = "<group>";
		};
/* End PBXVariantGroup section */

/* Begin XCBuildConfiguration section */
		239C497C1CF7581D006DE41D /* Debug */ = {
			isa = XCBuildConfiguration;
			buildSettings = {
				ALWAYS_SEARCH_USER_PATHS = NO;
				CLANG_ANALYZER_NONNULL = YES;
				CLANG_CXX_LANGUAGE_STANDARD = "gnu++0x";
				CLANG_CXX_LIBRARY = "libc++";
				CLANG_ENABLE_MODULES = YES;
				CLANG_ENABLE_OBJC_ARC = YES;
				CLANG_WARN_BOOL_CONVERSION = YES;
				CLANG_WARN_CONSTANT_CONVERSION = YES;
				CLANG_WARN_DIRECT_OBJC_ISA_USAGE = YES_ERROR;
				CLANG_WARN_EMPTY_BODY = YES;
				CLANG_WARN_ENUM_CONVERSION = YES;
				CLANG_WARN_INT_CONVERSION = YES;
				CLANG_WARN_OBJC_ROOT_CLASS = YES_ERROR;
				CLANG_WARN_UNREACHABLE_CODE = YES;
				CLANG_WARN__DUPLICATE_METHOD_MATCH = YES;
				"CODE_SIGN_IDENTITY[sdk=iphoneos*]" = "iPhone Developer";
				COPY_PHASE_STRIP = NO;
				DEBUG_INFORMATION_FORMAT = dwarf;
				ENABLE_STRICT_OBJC_MSGSEND = YES;
				ENABLE_TESTABILITY = YES;
				GCC_C_LANGUAGE_STANDARD = gnu99;
				GCC_DYNAMIC_NO_PIC = NO;
				GCC_NO_COMMON_BLOCKS = YES;
				GCC_OPTIMIZATION_LEVEL = 0;
				GCC_PREPROCESSOR_DEFINITIONS = (
					"DEBUG=1",
					"$(inherited)",
				);
				GCC_WARN_64_TO_32_BIT_CONVERSION = YES;
				GCC_WARN_ABOUT_RETURN_TYPE = YES_ERROR;
				GCC_WARN_UNDECLARED_SELECTOR = YES;
				GCC_WARN_UNINITIALIZED_AUTOS = YES_AGGRESSIVE;
				GCC_WARN_UNUSED_FUNCTION = YES;
				GCC_WARN_UNUSED_VARIABLE = YES;
				IPHONEOS_DEPLOYMENT_TARGET = 9.3;
				MTL_ENABLE_DEBUG_INFO = YES;
				ONLY_ACTIVE_ARCH = YES;
				SDKROOT = iphoneos;
				SWIFT_OPTIMIZATION_LEVEL = "-Onone";
			};
			name = Debug;
		};
		239C497D1CF7581D006DE41D /* Release */ = {
			isa = XCBuildConfiguration;
			buildSettings = {
				ALWAYS_SEARCH_USER_PATHS = NO;
				CLANG_ANALYZER_NONNULL = YES;
				CLANG_CXX_LANGUAGE_STANDARD = "gnu++0x";
				CLANG_CXX_LIBRARY = "libc++";
				CLANG_ENABLE_MODULES = YES;
				CLANG_ENABLE_OBJC_ARC = YES;
				CLANG_WARN_BOOL_CONVERSION = YES;
				CLANG_WARN_CONSTANT_CONVERSION = YES;
				CLANG_WARN_DIRECT_OBJC_ISA_USAGE = YES_ERROR;
				CLANG_WARN_EMPTY_BODY = YES;
				CLANG_WARN_ENUM_CONVERSION = YES;
				CLANG_WARN_INT_CONVERSION = YES;
				CLANG_WARN_OBJC_ROOT_CLASS = YES_ERROR;
				CLANG_WARN_UNREACHABLE_CODE = YES;
				CLANG_WARN__DUPLICATE_METHOD_MATCH = YES;
				"CODE_SIGN_IDENTITY[sdk=iphoneos*]" = "iPhone Developer";
				COPY_PHASE_STRIP = NO;
				DEBUG_INFORMATION_FORMAT = "dwarf-with-dsym";
				ENABLE_NS_ASSERTIONS = NO;
				ENABLE_STRICT_OBJC_MSGSEND = YES;
				GCC_C_LANGUAGE_STANDARD = gnu99;
				GCC_NO_COMMON_BLOCKS = YES;
				GCC_WARN_64_TO_32_BIT_CONVERSION = YES;
				GCC_WARN_ABOUT_RETURN_TYPE = YES_ERROR;
				GCC_WARN_UNDECLARED_SELECTOR = YES;
				GCC_WARN_UNINITIALIZED_AUTOS = YES_AGGRESSIVE;
				GCC_WARN_UNUSED_FUNCTION = YES;
				GCC_WARN_UNUSED_VARIABLE = YES;
				IPHONEOS_DEPLOYMENT_TARGET = 9.3;
				MTL_ENABLE_DEBUG_INFO = NO;
				SDKROOT = iphoneos;
				VALIDATE_PRODUCT = YES;
			};
			name = Release;
		};
		239C497F1CF7581D006DE41D /* Debug */ = {
			isa = XCBuildConfiguration;
			buildSettings = {
				ASSETCATALOG_COMPILER_APPICON_NAME = AppIcon;
				INFOPLIST_FILE = damn/Info.plist;
				LD_RUNPATH_SEARCH_PATHS = "$(inherited) @executable_path/Frameworks";
				PRODUCT_BUNDLE_IDENTIFIER = ekils.damn;
				PRODUCT_NAME = "$(TARGET_NAME)";
			};
			name = Debug;
		};
		239C49801CF7581D006DE41D /* Release */ = {
			isa = XCBuildConfiguration;
			buildSettings = {
				ASSETCATALOG_COMPILER_APPICON_NAME = AppIcon;
				INFOPLIST_FILE = damn/Info.plist;
				LD_RUNPATH_SEARCH_PATHS = "$(inherited) @executable_path/Frameworks";
				PRODUCT_BUNDLE_IDENTIFIER = ekils.damn;
				PRODUCT_NAME = "$(TARGET_NAME)";
			};
			name = Release;
		};
		239C49821CF7581D006DE41D /* Debug */ = {
			isa = XCBuildConfiguration;
			buildSettings = {
				BUNDLE_LOADER = "$(TEST_HOST)";
				INFOPLIST_FILE = damnTests/Info.plist;
				LD_RUNPATH_SEARCH_PATHS = "$(inherited) @executable_path/Frameworks @loader_path/Frameworks";
				PRODUCT_BUNDLE_IDENTIFIER = ekils.damnTests;
				PRODUCT_NAME = "$(TARGET_NAME)";
				TEST_HOST = "$(BUILT_PRODUCTS_DIR)/damn.app/damn";
			};
			name = Debug;
		};
		239C49831CF7581D006DE41D /* Release */ = {
			isa = XCBuildConfiguration;
			buildSettings = {
				BUNDLE_LOADER = "$(TEST_HOST)";
				INFOPLIST_FILE = damnTests/Info.plist;
				LD_RUNPATH_SEARCH_PATHS = "$(inherited) @executable_path/Frameworks @loader_path/Frameworks";
				PRODUCT_BUNDLE_IDENTIFIER = ekils.damnTests;
				PRODUCT_NAME = "$(TARGET_NAME)";
				TEST_HOST = "$(BUILT_PRODUCTS_DIR)/damn.app/damn";
			};
			name = Release;
		};
		239C49851CF7581D006DE41D /* Debug */ = {
			isa = XCBuildConfiguration;
			buildSettings = {
				INFOPLIST_FILE = damnUITests/Info.plist;
				LD_RUNPATH_SEARCH_PATHS = "$(inherited) @executable_path/Frameworks @loader_path/Frameworks";
				PRODUCT_BUNDLE_IDENTIFIER = ekils.damnUITests;
				PRODUCT_NAME = "$(TARGET_NAME)";
				TEST_TARGET_NAME = damn;
			};
			name = Debug;
		};
		239C49861CF7581D006DE41D /* Release */ = {
			isa = XCBuildConfiguration;
			buildSettings = {
				INFOPLIST_FILE = damnUITests/Info.plist;
				LD_RUNPATH_SEARCH_PATHS = "$(inherited) @executable_path/Frameworks @loader_path/Frameworks";
				PRODUCT_BUNDLE_IDENTIFIER = ekils.damnUITests;
				PRODUCT_NAME = "$(TARGET_NAME)";
				TEST_TARGET_NAME = damn;
			};
			name = Release;
		};
/* End XCBuildConfiguration section */

/* Begin XCConfigurationList section */
		239C494E1CF7581C006DE41D /* Build configuration list for PBXProject "damn" */ = {
			isa = XCConfigurationList;
			buildConfigurations = (
				239C497C1CF7581D006DE41D /* Debug */,
				239C497D1CF7581D006DE41D /* Release */,
			);
			defaultConfigurationIsVisible = 0;
			defaultConfigurationName = Release;
		};
		239C497E1CF7581D006DE41D /* Build configuration list for PBXNativeTarget "damn" */ = {
			isa = XCConfigurationList;
			buildConfigurations = (
				239C497F1CF7581D006DE41D /* Debug */,
				239C49801CF7581D006DE41D /* Release */,
			);
			defaultConfigurationIsVisible = 0;
		};
		239C49811CF7581D006DE41D /* Build configuration list for PBXNativeTarget "damnTests" */ = {
			isa = XCConfigurationList;
			buildConfigurations = (
				239C49821CF7581D006DE41D /* Debug */,
				239C49831CF7581D006DE41D /* Release */,
			);
			defaultConfigurationIsVisible = 0;
		};
		239C49841CF7581D006DE41D /* Build configuration list for PBXNativeTarget "damnUITests" */ = {
			isa = XCConfigurationList;
			buildConfigurations = (
				239C49851CF7581D006DE41D /* Debug */,
				239C49861CF7581D006DE41D /* Release */,
			);
			defaultConfigurationIsVisible = 0;
		};
/* End XCConfigurationList section */

/* Begin XCVersionGroup section */
		239C495D1CF7581D006DE41D /* damn.xcdatamodeld */ = {
			isa = XCVersionGroup;
			children = (
				239C495E1CF7581D006DE41D /* damn.xcdatamodel */,
			);
			currentVersion = 239C495E1CF7581D006DE41D /* damn.xcdatamodel */;
			path = damn.xcdatamodeld;
			sourceTree = "<group>";
			versionGroupType = wrapper.xcdatamodel;
		};
/* End XCVersionGroup section */
	};
	rootObject = 239C494B1CF7581C006DE41D /* Project object */;
}
